
Microsoft Visual Studio Solution File, Format Version 12.00
# Visual Studio Version 16
VisualStudioVersion = 16.0.31019.35
MinimumVisualStudioVersion = 10.0.40219.1
Project("{9A19103F-16F7-4668-BE54-9A1E7A4F7556}") = "WebStoreApp", "WebStoreApp\WebStoreApp.csproj", "{66453953-05B3-4C9A-A6F8-43984AEE02F9}"
EndProject
Global
	GlobalSection(SolutionConfigurationPlatforms) = preSolution
		Debug|Any CPU = Debug|Any CPU
		Release|Any CPU = Release|Any CPU
	EndGlobalSection
	GlobalSection(ProjectConfigurationPlatforms) = postSolution
		{66453953-05B3-4C9A-A6F8-43984AEE02F9}.Debug|Any CPU.ActiveCfg = Debug|Any CPU
		{66453953-05B3-4C9A-A6F8-43984AEE02F9}.Debug|Any CPU.Build.0 = Debug|Any CPU
		{66453953-05B3-4C9A-A6F8-43984AEE02F9}.Release|Any CPU.ActiveCfg = Release|Any CPU
		{66453953-05B3-4C9A-A6F8-43984AEE02F9}.Release|Any CPU.Build.0 = Release|Any CPU
	EndGlobalSection
	GlobalSection(SolutionProperties) = preSolution
		HideSolutionNode = FALSE
	EndGlobalSection
	GlobalSection(ExtensibilityGlobals) = postSolution
		SolutionGuid = {732EFF7D-9F2C-4B0A-9034-9D206C0F6624}
	EndGlobalSection
EndGlobal
